
Microsoft Visual Studio Solution File, Format Version 12.00
# Visual Studio Version 17
VisualStudioVersion = 17.4.33110.190
MinimumVisualStudioVersion = 10.0.40219.1
Project("{FAE04EC0-301F-11D3-BF4B-00C04F79EFBC}") = "WebDoAn", "WebDoAn\WebDoAn.csproj", "{9E65EA7F-83F1-4417-9327-251371D3D622}"
EndProject
Global
	GlobalSection(SolutionConfigurationPlatforms) = preSolution
		Debug|Any CPU = Debug|Any CPU
		Release|Any CPU = Release|Any CPU
	EndGlobalSection
	GlobalSection(ProjectConfigurationPlatforms) = postSolution
		{9E65EA7F-83F1-4417-9327-251371D3D622}.Debug|Any CPU.ActiveCfg = Debug|Any CPU
		{9E65EA7F-83F1-4417-9327-251371D3D622}.Debug|Any CPU.Build.0 = Debug|Any CPU
		{9E65EA7F-83F1-4417-9327-251371D3D622}.Release|Any CPU.ActiveCfg = Release|Any CPU
		{9E65EA7F-83F1-4417-9327-251371D3D622}.Release|Any CPU.Build.0 = Release|Any CPU
	EndGlobalSection
	GlobalSection(SolutionProperties) = preSolution
		HideSolutionNode = FALSE
	EndGlobalSection
	GlobalSection(ExtensibilityGlobals) = postSolution
		SolutionGuid = {DD08C23A-2FB1-4291-9D2C-4363F452A18B}
	EndGlobalSection
EndGlobal
